
Microsoft Visual Studio Solution File, Format Version 12.00
# Visual Studio Version 16
VisualStudioVersion = 16.0.33328.57
MinimumVisualStudioVersion = 10.0.40219.1
Project("{8BC9CEB8-8B4A-11D0-8D11-00A0C91BC942}") = "week02", "kuality-2023-1\kuality-2023-1.vcxproj", "{53689D1E-1B2E-40F6-87DD-0573CF14BD5F}"
EndProject
Project("{8BC9CEB8-8B4A-11D0-8D11-00A0C91BC942}") = "week03", "week03\week03.vcxproj", "{CDE21045-8CA4-4380-8B07-DA9751DE022C}"
EndProject
Project("{8BC9CEB8-8B4A-11D0-8D11-00A0C91BC942}") = "week02-assignment", "week02-assignment\week02-assignment.vcxproj", "{7DF83A96-D789-425F-9B54-CE53EB664E64}"
EndProject
Global
	GlobalSection(SolutionConfigurationPlatforms) = preSolution
		Debug|x64 = Debug|x64
		Debug|x86 = Debug|x86
		Release|x64 = Release|x64
		Release|x86 = Release|x86
	EndGlobalSection
	GlobalSection(ProjectConfigurationPlatforms) = postSolution
		{53689D1E-1B2E-40F6-87DD-0573CF14BD5F}.Debug|x64.ActiveCfg = Debug|x64
		{53689D1E-1B2E-40F6-87DD-0573CF14BD5F}.Debug|x64.Build.0 = Debug|x64
		{53689D1E-1B2E-40F6-87DD-0573CF14BD5F}.Debug|x86.ActiveCfg = Debug|Win32
		{53689D1E-1B2E-40F6-87DD-0573CF14BD5F}.Debug|x86.Build.0 = Debug|Win32
		{53689D1E-1B2E-40F6-87DD-0573CF14BD5F}.Release|x64.ActiveCfg = Release|x64
		{53689D1E-1B2E-40F6-87DD-0573CF14BD5F}.Release|x64.Build.0 = Release|x64
		{53689D1E-1B2E-40F6-87DD-0573CF14BD5F}.Release|x86.ActiveCfg = Release|Win32
		{53689D1E-1B2E-40F6-87DD-0573CF14BD5F}.Release|x86.Build.0 = Release|Win32
		{CDE21045-8CA4-4380-8B07-DA9751DE022C}.Debug|x64.ActiveCfg = Debug|x64
		{CDE21045-8CA4-4380-8B07-DA9751DE022C}.Debug|x64.Build.0 = Debug|x64
		{CDE21045-8CA4-4380-8B07-DA9751DE022C}.Debug|x86.ActiveCfg = Debug|Win32
		{CDE21045-8CA4-4380-8B07-DA9751DE022C}.Debug|x86.Build.0 = Debug|Win32
		{CDE21045-8CA4-4380-8B07-DA9751DE022C}.Release|x64.ActiveCfg = Release|x64
		{CDE21045-8CA4-4380-8B07-DA9751DE022C}.Release|x64.Build.0 = Release|x64
		{CDE21045-8CA4-4380-8B07-DA9751DE022C}.Release|x86.ActiveCfg = Release|Win32
		{CDE21045-8CA4-4380-8B07-DA9751DE022C}.Release|x86.Build.0 = Release|Win32
		{7DF83A96-D789-425F-9B54-CE53EB664E64}.Debug|x64.ActiveCfg = Debug|x64
		{7DF83A96-D789-425F-9B54-CE53EB664E64}.Debug|x64.Build.0 = Debug|x64
		{7DF83A96-D789-425F-9B54-CE53EB664E64}.Debug|x86.ActiveCfg = Debug|Win32
		{7DF83A96-D789-425F-9B54-CE53EB664E64}.Debug|x86.Build.0 = Debug|Win32
		{7DF83A96-D789-425F-9B54-CE53EB664E64}.Release|x64.ActiveCfg = Release|x64
		{7DF83A96-D789-425F-9B54-CE53EB664E64}.Release|x64.Build.0 = Release|x64
		{7DF83A96-D789-425F-9B54-CE53EB664E64}.Release|x86.ActiveCfg = Release|Win32
		{7DF83A96-D789-425F-9B54-CE53EB664E64}.Release|x86.Build.0 = Release|Win32
	EndGlobalSection
	GlobalSection(SolutionProperties) = preSolution
		HideSolutionNode = FALSE
	EndGlobalSection
	GlobalSection(ExtensibilityGlobals) = postSolution
		SolutionGuid = {61DE79C4-AE6D-44FB-946A-A96D26326F0B}
	EndGlobalSection
EndGlobal
